
Microsoft Visual Studio Solution File, Format Version 12.00
# Visual Studio 15
VisualStudioVersion = 15.0.26228.4
MinimumVisualStudioVersion = 10.0.40219.1
Project("{FAE04EC0-301F-11D3-BF4B-00C04F79EFBC}") = "OffersCollector", "OffersCollector\OffersCollector.csproj", "{D8127947-C931-418E-939B-6DC24D4BEEAD}"
EndProject
Global
	GlobalSection(SolutionConfigurationPlatforms) = preSolution
		Debug|Any CPU = Debug|Any CPU
		Release|Any CPU = Release|Any CPU
	EndGlobalSection
	GlobalSection(ProjectConfigurationPlatforms) = postSolution
		{D8127947-C931-418E-939B-6DC24D4BEEAD}.Debug|Any CPU.ActiveCfg = Debug|Any CPU
		{D8127947-C931-418E-939B-6DC24D4BEEAD}.Debug|Any CPU.Build.0 = Debug|Any CPU
		{D8127947-C931-418E-939B-6DC24D4BEEAD}.Release|Any CPU.ActiveCfg = Release|Any CPU
		{D8127947-C931-418E-939B-6DC24D4BEEAD}.Release|Any CPU.Build.0 = Release|Any CPU
	EndGlobalSection
	GlobalSection(SolutionProperties) = preSolution
		HideSolutionNode = FALSE
	EndGlobalSection
EndGlobal
